
Microsoft Visual Studio Solution File, Format Version 12.00
# Visual Studio 15
VisualStudioVersion = 15.0.27703.2000
MinimumVisualStudioVersion = 10.0.40219.1
Project("{FAE04EC0-301F-11D3-BF4B-00C04F79EFBC}") = "RazorPagesMovie", "RazorPagesMovie\RazorPagesMovie.csproj", "{52DFDA4A-9039-4365-A451-EA358F4152EC}"
EndProject
Global
	GlobalSection(SolutionConfigurationPlatforms) = preSolution
		Debug|Any CPU = Debug|Any CPU
		Release|Any CPU = Release|Any CPU
	EndGlobalSection
	GlobalSection(ProjectConfigurationPlatforms) = postSolution
		{52DFDA4A-9039-4365-A451-EA358F4152EC}.Debug|Any CPU.ActiveCfg = Debug|Any CPU
		{52DFDA4A-9039-4365-A451-EA358F4152EC}.Debug|Any CPU.Build.0 = Debug|Any CPU
		{52DFDA4A-9039-4365-A451-EA358F4152EC}.Release|Any CPU.ActiveCfg = Release|Any CPU
		{52DFDA4A-9039-4365-A451-EA358F4152EC}.Release|Any CPU.Build.0 = Release|Any CPU
	EndGlobalSection
	GlobalSection(SolutionProperties) = preSolution
		HideSolutionNode = FALSE
	EndGlobalSection
	GlobalSection(ExtensibilityGlobals) = postSolution
		SolutionGuid = {DA5799F1-B944-42D8-8A8E-CB806824299B}
	EndGlobalSection
EndGlobal
